
Microsoft Visual Studio Solution File, Format Version 12.00
# Visual Studio Version 17
VisualStudioVersion = 17.0.31903.59
MinimumVisualStudioVersion = 10.0.40219.1
Project("{2150E333-8FDC-42A3-9474-1A3956D46DE8}") = "src", "src", "{A04E86D3-5545-4B66-A4F1-DA356DA233FE}"
EndProject
Project("{2150E333-8FDC-42A3-9474-1A3956D46DE8}") = "corePackages", "corePackages", "{6C0F2F5A-0A24-4DD9-9D25-3DD482854C57}"
EndProject
Project("{2150E333-8FDC-42A3-9474-1A3956D46DE8}") = "developProjects", "developProjects", "{9A3C3C57-2EF5-4503-BCD1-53A9643585A1}"
EndProject
Project("{2150E333-8FDC-42A3-9474-1A3956D46DE8}") = "dev", "dev", "{D22A4FFD-DA21-4E7F-9614-057E381DBAD4}"
EndProject
Project("{9A19103F-16F7-4668-BE54-9A1E7A4F7556}") = "Core.Application", "src\corePackages\Core.Application\Core.Application.csproj", "{4BB66AE1-35F7-4F2D-951E-BC6879282A09}"
EndProject
Project("{9A19103F-16F7-4668-BE54-9A1E7A4F7556}") = "Core.CrossCuttingConcerns", "src\corePackages\Core.CrossCuttingConcerns\Core.CrossCuttingConcerns.csproj", "{ECB97C36-31C5-4E8E-81BC-71AAE5AC1E50}"
EndProject
Project("{9A19103F-16F7-4668-BE54-9A1E7A4F7556}") = "Core.ElasticSearch", "src\corePackages\Core.ElasticSearch\Core.ElasticSearch.csproj", "{CF34F631-77C6-4012-9CB7-7872F7ABA859}"
EndProject
Project("{9A19103F-16F7-4668-BE54-9A1E7A4F7556}") = "Core.Mailing", "src\corePackages\Core.Mailing\Core.Mailing.csproj", "{64305E0C-BD73-46FC-81D0-6A043619C412}"
EndProject
Project("{9A19103F-16F7-4668-BE54-9A1E7A4F7556}") = "Core.Persistence", "src\corePackages\Core.Persistence\Core.Persistence.csproj", "{47B86E19-9199-4E4E-9BCF-1337F6549982}"
EndProject
Project("{9A19103F-16F7-4668-BE54-9A1E7A4F7556}") = "Core.Security", "src\corePackages\Core.Security\Core.Security.csproj", "{8ED36903-78F8-417F-975E-25F9332E541C}"
EndProject
Project("{9A19103F-16F7-4668-BE54-9A1E7A4F7556}") = "Application", "src\developProjects\dev\Application\Application.csproj", "{C8DA7D06-0C99-438B-8491-27A81AB18716}"
EndProject
Project("{9A19103F-16F7-4668-BE54-9A1E7A4F7556}") = "Domain", "src\developProjects\dev\Domain\Domain.csproj", "{F24CF945-22D1-4D61-89A3-ED5D9F27D3DE}"
EndProject
Project("{9A19103F-16F7-4668-BE54-9A1E7A4F7556}") = "Infrastructure", "src\developProjects\dev\Infrastructure\Infrastructure.csproj", "{F13A23A8-33CD-43A8-B1E8-B9C87590A405}"
EndProject
Project("{9A19103F-16F7-4668-BE54-9A1E7A4F7556}") = "Persistence", "src\developProjects\dev\Persistence\Persistence.csproj", "{23F107A5-B168-4D50-83AC-3E394C213D92}"
EndProject
Project("{9A19103F-16F7-4668-BE54-9A1E7A4F7556}") = "WebAPI", "src\developProjects\dev\WebAPI\WebAPI.csproj", "{AE22C605-3C4B-4F30-ADFB-2B6AA5202945}"
EndProject
Global
	GlobalSection(SolutionConfigurationPlatforms) = preSolution
		Debug|Any CPU = Debug|Any CPU
		Release|Any CPU = Release|Any CPU
	EndGlobalSection
	GlobalSection(ProjectConfigurationPlatforms) = postSolution
		{4BB66AE1-35F7-4F2D-951E-BC6879282A09}.Debug|Any CPU.ActiveCfg = Debug|Any CPU
		{4BB66AE1-35F7-4F2D-951E-BC6879282A09}.Debug|Any CPU.Build.0 = Debug|Any CPU
		{4BB66AE1-35F7-4F2D-951E-BC6879282A09}.Release|Any CPU.ActiveCfg = Release|Any CPU
		{4BB66AE1-35F7-4F2D-951E-BC6879282A09}.Release|Any CPU.Build.0 = Release|Any CPU
		{ECB97C36-31C5-4E8E-81BC-71AAE5AC1E50}.Debug|Any CPU.ActiveCfg = Debug|Any CPU
		{ECB97C36-31C5-4E8E-81BC-71AAE5AC1E50}.Debug|Any CPU.Build.0 = Debug|Any CPU
		{ECB97C36-31C5-4E8E-81BC-71AAE5AC1E50}.Release|Any CPU.ActiveCfg = Release|Any CPU
		{ECB97C36-31C5-4E8E-81BC-71AAE5AC1E50}.Release|Any CPU.Build.0 = Release|Any CPU
		{CF34F631-77C6-4012-9CB7-7872F7ABA859}.Debug|Any CPU.ActiveCfg = Debug|Any CPU
		{CF34F631-77C6-4012-9CB7-7872F7ABA859}.Debug|Any CPU.Build.0 = Debug|Any CPU
		{CF34F631-77C6-4012-9CB7-7872F7ABA859}.Release|Any CPU.ActiveCfg = Release|Any CPU
		{CF34F631-77C6-4012-9CB7-7872F7ABA859}.Release|Any CPU.Build.0 = Release|Any CPU
		{64305E0C-BD73-46FC-81D0-6A043619C412}.Debug|Any CPU.ActiveCfg = Debug|Any CPU
		{64305E0C-BD73-46FC-81D0-6A043619C412}.Debug|Any CPU.Build.0 = Debug|Any CPU
		{64305E0C-BD73-46FC-81D0-6A043619C412}.Release|Any CPU.ActiveCfg = Release|Any CPU
		{64305E0C-BD73-46FC-81D0-6A043619C412}.Release|Any CPU.Build.0 = Release|Any CPU
		{47B86E19-9199-4E4E-9BCF-1337F6549982}.Debug|Any CPU.ActiveCfg = Debug|Any CPU
		{47B86E19-9199-4E4E-9BCF-1337F6549982}.Debug|Any CPU.Build.0 = Debug|Any CPU
		{47B86E19-9199-4E4E-9BCF-1337F6549982}.Release|Any CPU.ActiveCfg = Release|Any CPU
		{47B86E19-9199-4E4E-9BCF-1337F6549982}.Release|Any CPU.Build.0 = Release|Any CPU
		{8ED36903-78F8-417F-975E-25F9332E541C}.Debug|Any CPU.ActiveCfg = Debug|Any CPU
		{8ED36903-78F8-417F-975E-25F9332E541C}.Debug|Any CPU.Build.0 = Debug|Any CPU
		{8ED36903-78F8-417F-975E-25F9332E541C}.Release|Any CPU.ActiveCfg = Release|Any CPU
		{8ED36903-78F8-417F-975E-25F9332E541C}.Release|Any CPU.Build.0 = Release|Any CPU
		{C8DA7D06-0C99-438B-8491-27A81AB18716}.Debug|Any CPU.ActiveCfg = Debug|Any CPU
		{C8DA7D06-0C99-438B-8491-27A81AB18716}.Debug|Any CPU.Build.0 = Debug|Any CPU
		{C8DA7D06-0C99-438B-8491-27A81AB18716}.Release|Any CPU.ActiveCfg = Release|Any CPU
		{C8DA7D06-0C99-438B-8491-27A81AB18716}.Release|Any CPU.Build.0 = Release|Any CPU
		{F24CF945-22D1-4D61-89A3-ED5D9F27D3DE}.Debug|Any CPU.ActiveCfg = Debug|Any CPU
		{F24CF945-22D1-4D61-89A3-ED5D9F27D3DE}.Debug|Any CPU.Build.0 = Debug|Any CPU
		{F24CF945-22D1-4D61-89A3-ED5D9F27D3DE}.Release|Any CPU.ActiveCfg = Release|Any CPU
		{F24CF945-22D1-4D61-89A3-ED5D9F27D3DE}.Release|Any CPU.Build.0 = Release|Any CPU
		{F13A23A8-33CD-43A8-B1E8-B9C87590A405}.Debug|Any CPU.ActiveCfg = Debug|Any CPU
		{F13A23A8-33CD-43A8-B1E8-B9C87590A405}.Debug|Any CPU.Build.0 = Debug|Any CPU
		{F13A23A8-33CD-43A8-B1E8-B9C87590A405}.Release|Any CPU.ActiveCfg = Release|Any CPU
		{F13A23A8-33CD-43A8-B1E8-B9C87590A405}.Release|Any CPU.Build.0 = Release|Any CPU
		{23F107A5-B168-4D50-83AC-3E394C213D92}.Debug|Any CPU.ActiveCfg = Debug|Any CPU
		{23F107A5-B168-4D50-83AC-3E394C213D92}.Debug|Any CPU.Build.0 = Debug|Any CPU
		{23F107A5-B168-4D50-83AC-3E394C213D92}.Release|Any CPU.ActiveCfg = Release|Any CPU
		{23F107A5-B168-4D50-83AC-3E394C213D92}.Release|Any CPU.Build.0 = Release|Any CPU
		{AE22C605-3C4B-4F30-ADFB-2B6AA5202945}.Debug|Any CPU.ActiveCfg = Debug|Any CPU
		{AE22C605-3C4B-4F30-ADFB-2B6AA5202945}.Debug|Any CPU.Build.0 = Debug|Any CPU
		{AE22C605-3C4B-4F30-ADFB-2B6AA5202945}.Release|Any CPU.ActiveCfg = Release|Any CPU
		{AE22C605-3C4B-4F30-ADFB-2B6AA5202945}.Release|Any CPU.Build.0 = Release|Any CPU
	EndGlobalSection
	GlobalSection(SolutionProperties) = preSolution
		HideSolutionNode = FALSE
	EndGlobalSection
	GlobalSection(NestedProjects) = preSolution
		{6C0F2F5A-0A24-4DD9-9D25-3DD482854C57} = {A04E86D3-5545-4B66-A4F1-DA356DA233FE}
		{9A3C3C57-2EF5-4503-BCD1-53A9643585A1} = {A04E86D3-5545-4B66-A4F1-DA356DA233FE}
		{D22A4FFD-DA21-4E7F-9614-057E381DBAD4} = {9A3C3C57-2EF5-4503-BCD1-53A9643585A1}
		{4BB66AE1-35F7-4F2D-951E-BC6879282A09} = {6C0F2F5A-0A24-4DD9-9D25-3DD482854C57}
		{ECB97C36-31C5-4E8E-81BC-71AAE5AC1E50} = {6C0F2F5A-0A24-4DD9-9D25-3DD482854C57}
		{CF34F631-77C6-4012-9CB7-7872F7ABA859} = {6C0F2F5A-0A24-4DD9-9D25-3DD482854C57}
		{64305E0C-BD73-46FC-81D0-6A043619C412} = {6C0F2F5A-0A24-4DD9-9D25-3DD482854C57}
		{47B86E19-9199-4E4E-9BCF-1337F6549982} = {6C0F2F5A-0A24-4DD9-9D25-3DD482854C57}
		{8ED36903-78F8-417F-975E-25F9332E541C} = {6C0F2F5A-0A24-4DD9-9D25-3DD482854C57}
		{C8DA7D06-0C99-438B-8491-27A81AB18716} = {D22A4FFD-DA21-4E7F-9614-057E381DBAD4}
		{F24CF945-22D1-4D61-89A3-ED5D9F27D3DE} = {D22A4FFD-DA21-4E7F-9614-057E381DBAD4}
		{F13A23A8-33CD-43A8-B1E8-B9C87590A405} = {D22A4FFD-DA21-4E7F-9614-057E381DBAD4}
		{23F107A5-B168-4D50-83AC-3E394C213D92} = {D22A4FFD-DA21-4E7F-9614-057E381DBAD4}
		{AE22C605-3C4B-4F30-ADFB-2B6AA5202945} = {D22A4FFD-DA21-4E7F-9614-057E381DBAD4}
	EndGlobalSection
	GlobalSection(ExtensibilityGlobals) = postSolution
		SolutionGuid = {7C45E0C4-53A0-40C0-8E56-5EB965632A12}
	EndGlobalSection
EndGlobal
